{
  "requires": true,
  "lockfileVersion": 1,
  "dependencies": {
    "redux-form-material-ui": {
      "version": "4.3.4",
      "resolved": "https://registry.npmjs.org/redux-form-material-ui/-/redux-form-material-ui-4.3.4.tgz",
      "integrity": "sha512-5+/a0a3QTCK9L5W5lj3Y6O6Knfec6RZe9LMN5GdMPOF7ZG946kFH6V8Ba9NXhG/D7FFtwHwZDCl5R8Zy8F3W0A=="
    }
  }
}
